
Microsoft Visual Studio Solution File, Format Version 12.00
# Visual Studio Version 16
VisualStudioVersion = 16.0.29728.190
MinimumVisualStudioVersion = 10.0.40219.1
Project("{FAE04EC0-301F-11D3-BF4B-00C04F79EFBC}") = "RefactorableApi", "RefactorableApi\RefactorableApi.csproj", "{BFA664B6-E830-4E16-ABCF-66067945D897}"
EndProject
Global
	GlobalSection(SolutionConfigurationPlatforms) = preSolution
		Debug|Any CPU = Debug|Any CPU
		Release|Any CPU = Release|Any CPU
	EndGlobalSection
	GlobalSection(ProjectConfigurationPlatforms) = postSolution
		{BFA664B6-E830-4E16-ABCF-66067945D897}.Debug|Any CPU.ActiveCfg = Debug|Any CPU
		{BFA664B6-E830-4E16-ABCF-66067945D897}.Debug|Any CPU.Build.0 = Debug|Any CPU
		{BFA664B6-E830-4E16-ABCF-66067945D897}.Release|Any CPU.ActiveCfg = Release|Any CPU
		{BFA664B6-E830-4E16-ABCF-66067945D897}.Release|Any CPU.Build.0 = Release|Any CPU
	EndGlobalSection
	GlobalSection(SolutionProperties) = preSolution
		HideSolutionNode = FALSE
	EndGlobalSection
	GlobalSection(ExtensibilityGlobals) = postSolution
		SolutionGuid = {9CCE1180-0AB1-4172-AC4C-85150547FDA4}
	EndGlobalSection
EndGlobal
